
Microsoft Visual Studio Solution File, Format Version 12.00
# Visual Studio 14
VisualStudioVersion = 14.0.25420.1
MinimumVisualStudioVersion = 10.0.40219.1
Project("{FAE04EC0-301F-11D3-BF4B-00C04F79EFBC}") = "MedicalInformationSystem.Services", "MedicalInformationSystem.Services\MedicalInformationSystem.Services.csproj", "{BE756520-666F-4389-827B-258341AECB05}"
EndProject
Project("{FAE04EC0-301F-11D3-BF4B-00C04F79EFBC}") = "MedicalInformationSystem.Common", "MedicalInformationSystem.Common\MedicalInformationSystem.Common.csproj", "{DC528631-9AD9-43CF-B6CB-E88421422CFF}"
EndProject
Project("{FAE04EC0-301F-11D3-BF4B-00C04F79EFBC}") = "MedicalInformationSystem.UI", "MedicalInformationSystem.UI\MedicalInformationSystem.UI.csproj", "{D7E14F23-397C-4979-AE3C-E9766456861E}"
EndProject
Project("{FAE04EC0-301F-11D3-BF4B-00C04F79EFBC}") = "MedicalInformationSystem.Foundation", "MedicalInformationSystem.Foundation\MedicalInformationSystem.Foundation.csproj", "{212282E2-038A-46FA-9313-B556CF32B838}"
EndProject
Project("{FAE04EC0-301F-11D3-BF4B-00C04F79EFBC}") = "MedicalInformationSystem.WpfProject", "MedicalInformationSystem.WpfProject\MedicalInformationSystem.WpfProject.csproj", "{EEF60B85-A732-4C06-8652-8B156C07426D}"
EndProject
Project("{FAE04EC0-301F-11D3-BF4B-00C04F79EFBC}") = "MedicalInformationSystem.Resources", "MedicalInformationSystem.Resources\MedicalInformationSystem.Resources.csproj", "{0E2063A0-513D-4877-AB90-6950AB6688DA}"
EndProject
Project("{FAE04EC0-301F-11D3-BF4B-00C04F79EFBC}") = "MedicalInformationSystemAgent", "MedicalInformationSystemAgent\MedicalInformationSystemAgent.csproj", "{8E817A3E-DBCF-4C28-9819-C4DB17F2C751}"
EndProject
Global
	GlobalSection(SolutionConfigurationPlatforms) = preSolution
		Debug|Any CPU = Debug|Any CPU
		Release|Any CPU = Release|Any CPU
	EndGlobalSection
	GlobalSection(ProjectConfigurationPlatforms) = postSolution
		{BE756520-666F-4389-827B-258341AECB05}.Debug|Any CPU.ActiveCfg = Debug|Any CPU
		{BE756520-666F-4389-827B-258341AECB05}.Debug|Any CPU.Build.0 = Debug|Any CPU
		{BE756520-666F-4389-827B-258341AECB05}.Release|Any CPU.ActiveCfg = Release|Any CPU
		{BE756520-666F-4389-827B-258341AECB05}.Release|Any CPU.Build.0 = Release|Any CPU
		{DC528631-9AD9-43CF-B6CB-E88421422CFF}.Debug|Any CPU.ActiveCfg = Debug|Any CPU
		{DC528631-9AD9-43CF-B6CB-E88421422CFF}.Debug|Any CPU.Build.0 = Debug|Any CPU
		{DC528631-9AD9-43CF-B6CB-E88421422CFF}.Release|Any CPU.ActiveCfg = Release|Any CPU
		{DC528631-9AD9-43CF-B6CB-E88421422CFF}.Release|Any CPU.Build.0 = Release|Any CPU
		{D7E14F23-397C-4979-AE3C-E9766456861E}.Debug|Any CPU.ActiveCfg = Debug|Any CPU
		{D7E14F23-397C-4979-AE3C-E9766456861E}.Debug|Any CPU.Build.0 = Debug|Any CPU
		{D7E14F23-397C-4979-AE3C-E9766456861E}.Release|Any CPU.ActiveCfg = Release|Any CPU
		{D7E14F23-397C-4979-AE3C-E9766456861E}.Release|Any CPU.Build.0 = Release|Any CPU
		{212282E2-038A-46FA-9313-B556CF32B838}.Debug|Any CPU.ActiveCfg = Debug|Any CPU
		{212282E2-038A-46FA-9313-B556CF32B838}.Debug|Any CPU.Build.0 = Debug|Any CPU
		{212282E2-038A-46FA-9313-B556CF32B838}.Release|Any CPU.ActiveCfg = Release|Any CPU
		{212282E2-038A-46FA-9313-B556CF32B838}.Release|Any CPU.Build.0 = Release|Any CPU
		{EEF60B85-A732-4C06-8652-8B156C07426D}.Debug|Any CPU.ActiveCfg = Debug|Any CPU
		{EEF60B85-A732-4C06-8652-8B156C07426D}.Debug|Any CPU.Build.0 = Debug|Any CPU
		{EEF60B85-A732-4C06-8652-8B156C07426D}.Release|Any CPU.ActiveCfg = Release|Any CPU
		{EEF60B85-A732-4C06-8652-8B156C07426D}.Release|Any CPU.Build.0 = Release|Any CPU
		{0E2063A0-513D-4877-AB90-6950AB6688DA}.Debug|Any CPU.ActiveCfg = Debug|Any CPU
		{0E2063A0-513D-4877-AB90-6950AB6688DA}.Debug|Any CPU.Build.0 = Debug|Any CPU
		{0E2063A0-513D-4877-AB90-6950AB6688DA}.Release|Any CPU.ActiveCfg = Release|Any CPU
		{0E2063A0-513D-4877-AB90-6950AB6688DA}.Release|Any CPU.Build.0 = Release|Any CPU
		{8E817A3E-DBCF-4C28-9819-C4DB17F2C751}.Debug|Any CPU.ActiveCfg = Debug|Any CPU
		{8E817A3E-DBCF-4C28-9819-C4DB17F2C751}.Debug|Any CPU.Build.0 = Debug|Any CPU
		{8E817A3E-DBCF-4C28-9819-C4DB17F2C751}.Release|Any CPU.ActiveCfg = Release|Any CPU
		{8E817A3E-DBCF-4C28-9819-C4DB17F2C751}.Release|Any CPU.Build.0 = Release|Any CPU
	EndGlobalSection
	GlobalSection(SolutionProperties) = preSolution
		HideSolutionNode = FALSE
	EndGlobalSection
EndGlobal
